
Microsoft Visual Studio Solution File, Format Version 12.00
# Visual Studio Version 16
VisualStudioVersion = 16.0.30114.105
MinimumVisualStudioVersion = 10.0.40219.1
Project("{2150E333-8FDC-42A3-9474-1A3956D46DE8}") = "src", "src", "{7AD443AA-D25D-4A91-B083-6CA0BAB1B764}"
EndProject
Project("{FAE04EC0-301F-11D3-BF4B-00C04F79EFBC}") = "MCLCS.App", "src\MCLCS.App\MCLCS.App.csproj", "{2D30DF43-6484-496F-9841-DF72409AACA1}"
EndProject
Project("{2150E333-8FDC-42A3-9474-1A3956D46DE8}") = "tests", "tests", "{D249DFC9-8737-448C-A8B8-D3BDAF259B8B}"
EndProject
Project("{FAE04EC0-301F-11D3-BF4B-00C04F79EFBC}") = "MCLCS.Core.Tests", "tests\MCLCS.Core.Tests\MCLCS.Core.Tests.csproj", "{541D75D5-C9A3-4304-A6CE-DDED3B204246}"
EndProject
Project("{2150E333-8FDC-42A3-9474-1A3956D46DE8}") = "tools", "tools", "{1023F097-478E-4645-AC79-068D8340DAA5}"
EndProject
Project("{FAE04EC0-301F-11D3-BF4B-00C04F79EFBC}") = "MCLCS.SelfCheck", "tools\MCLCS.SelfCheck\MCLCS.SelfCheck.csproj", "{C850D00F-8F0B-4A6E-8BAA-49A115494CE9}"
EndProject
Project("{FAE04EC0-301F-11D3-BF4B-00C04F79EFBC}") = "MCLCS.Cli", "tools\MCLCS.Cli\MCLCS.Cli.csproj", "{DD9C1315-C6E9-4A6E-96CD-545703F96277}"
EndProject
Global
	GlobalSection(SolutionConfigurationPlatforms) = preSolution
		Debug|Any CPU = Debug|Any CPU
		Release|Any CPU = Release|Any CPU
	EndGlobalSection
	GlobalSection(SolutionProperties) = preSolution
		HideSolutionNode = FALSE
	EndGlobalSection
	GlobalSection(ProjectConfigurationPlatforms) = postSolution
		{2D30DF43-6484-496F-9841-DF72409AACA1}.Debug|Any CPU.ActiveCfg = Debug|Any CPU
		{2D30DF43-6484-496F-9841-DF72409AACA1}.Debug|Any CPU.Build.0 = Debug|Any CPU
		{2D30DF43-6484-496F-9841-DF72409AACA1}.Release|Any CPU.ActiveCfg = Release|Any CPU
		{2D30DF43-6484-496F-9841-DF72409AACA1}.Release|Any CPU.Build.0 = Release|Any CPU
		{541D75D5-C9A3-4304-A6CE-DDED3B204246}.Debug|Any CPU.ActiveCfg = Debug|Any CPU
		{541D75D5-C9A3-4304-A6CE-DDED3B204246}.Debug|Any CPU.Build.0 = Debug|Any CPU
		{541D75D5-C9A3-4304-A6CE-DDED3B204246}.Release|Any CPU.ActiveCfg = Release|Any CPU
		{541D75D5-C9A3-4304-A6CE-DDED3B204246}.Release|Any CPU.Build.0 = Release|Any CPU
		{C850D00F-8F0B-4A6E-8BAA-49A115494CE9}.Debug|Any CPU.ActiveCfg = Debug|Any CPU
		{C850D00F-8F0B-4A6E-8BAA-49A115494CE9}.Debug|Any CPU.Build.0 = Debug|Any CPU
		{C850D00F-8F0B-4A6E-8BAA-49A115494CE9}.Release|Any CPU.ActiveCfg = Release|Any CPU
		{C850D00F-8F0B-4A6E-8BAA-49A115494CE9}.Release|Any CPU.Build.0 = Release|Any CPU
		{DD9C1315-C6E9-4A6E-96CD-545703F96277}.Debug|Any CPU.ActiveCfg = Debug|Any CPU
		{DD9C1315-C6E9-4A6E-96CD-545703F96277}.Debug|Any CPU.Build.0 = Debug|Any CPU
		{DD9C1315-C6E9-4A6E-96CD-545703F96277}.Release|Any CPU.ActiveCfg = Release|Any CPU
		{DD9C1315-C6E9-4A6E-96CD-545703F96277}.Release|Any CPU.Build.0 = Release|Any CPU
	EndGlobalSection
	GlobalSection(NestedProjects) = preSolution
		{2D30DF43-6484-496F-9841-DF72409AACA1} = {7AD443AA-D25D-4A91-B083-6CA0BAB1B764}
		{541D75D5-C9A3-4304-A6CE-DDED3B204246} = {D249DFC9-8737-448C-A8B8-D3BDAF259B8B}
		{C850D00F-8F0B-4A6E-8BAA-49A115494CE9} = {1023F097-478E-4645-AC79-068D8340DAA5}
		{DD9C1315-C6E9-4A6E-96CD-545703F96277} = {1023F097-478E-4645-AC79-068D8340DAA5}
	EndGlobalSection
EndGlobal
